
Microsoft Visual Studio Solution File, Format Version 12.00
# Visual Studio Version 16
VisualStudioVersion = 16.0.30611.23
MinimumVisualStudioVersion = 10.0.40219.1
Project("{FAE04EC0-301F-11D3-BF4B-00C04F79EFBC}") = "ConsoleApp1", "ConsoleApp1\ConsoleApp1.csproj", "{E0F99D6E-515D-4C3E-86B1-66696C651B15}"
EndProject
Global
	GlobalSection(SolutionConfigurationPlatforms) = preSolution
		Debug|Any CPU = Debug|Any CPU
		Release|Any CPU = Release|Any CPU
	EndGlobalSection
	GlobalSection(ProjectConfigurationPlatforms) = postSolution
		{E0F99D6E-515D-4C3E-86B1-66696C651B15}.Debug|Any CPU.ActiveCfg = Debug|Any CPU
		{E0F99D6E-515D-4C3E-86B1-66696C651B15}.Debug|Any CPU.Build.0 = Debug|Any CPU
		{E0F99D6E-515D-4C3E-86B1-66696C651B15}.Release|Any CPU.ActiveCfg = Release|Any CPU
		{E0F99D6E-515D-4C3E-86B1-66696C651B15}.Release|Any CPU.Build.0 = Release|Any CPU
	EndGlobalSection
	GlobalSection(SolutionProperties) = preSolution
		HideSolutionNode = FALSE
	EndGlobalSection
	GlobalSection(ExtensibilityGlobals) = postSolution
		SolutionGuid = {58BDD1B3-FC0C-46F0-8F6B-8FBB43D13E7A}
	EndGlobalSection
EndGlobal
